
Microsoft Visual Studio Solution File, Format Version 12.00
# Visual Studio Version 17
VisualStudioVersion = 17.4.33213.308
MinimumVisualStudioVersion = 10.0.40219.1
Project("{888888A0-9F3D-457C-B088-3A5042F75D52}") = "SEAI", "SEAI\SEAI.pyproj", "{A289FC13-60FB-4AE8-9683-DC1BA3731B5A}"
EndProject
Global
	GlobalSection(SolutionConfigurationPlatforms) = preSolution
		Debug|Any CPU = Debug|Any CPU
		Release|Any CPU = Release|Any CPU
	EndGlobalSection
	GlobalSection(ProjectConfigurationPlatforms) = postSolution
		{A289FC13-60FB-4AE8-9683-DC1BA3731B5A}.Debug|Any CPU.ActiveCfg = Debug|Any CPU
		{A289FC13-60FB-4AE8-9683-DC1BA3731B5A}.Release|Any CPU.ActiveCfg = Release|Any CPU
	EndGlobalSection
	GlobalSection(SolutionProperties) = preSolution
		HideSolutionNode = FALSE
	EndGlobalSection
	GlobalSection(ExtensibilityGlobals) = postSolution
		SolutionGuid = {A4517CEA-FD5B-47BC-ACB2-6A2C7AD87E65}
	EndGlobalSection
EndGlobal
